
Microsoft Visual Studio Solution File, Format Version 11.00
# Visual Studio 2010
Project("{FAE04EC0-301F-11D3-BF4B-00C04F79EFBC}") = "NWXNet", "NWXNet\NWXNet.csproj", "{EF0C5DF6-E216-43B8-91D3-C3B9682FCBEC}"
EndProject
Project("{FAE04EC0-301F-11D3-BF4B-00C04F79EFBC}") = "NWXNet.UnitTests", "NWXNet.UnitTests\NWXNet.UnitTests.csproj", "{A57FDAAC-64D2-4570-9C0E-329A42FFBA5B}"
EndProject
Project("{FAE04EC0-301F-11D3-BF4B-00C04F79EFBC}") = "NWXNet.Client", "NWXNet.Client\NWXNet.Client.csproj", "{88BDE762-03D4-4634-80EE-86D4C424164C}"
EndProject
Global
	GlobalSection(SubversionScc) = preSolution
		Svn-Managed = True
		Manager = AnkhSVN - Subversion Support for Visual Studio
	EndGlobalSection
	GlobalSection(SolutionConfigurationPlatforms) = preSolution
		Debug|Any CPU = Debug|Any CPU
		Debug|Mixed Platforms = Debug|Mixed Platforms
		Debug|x86 = Debug|x86
		Release|Any CPU = Release|Any CPU
		Release|Mixed Platforms = Release|Mixed Platforms
		Release|x86 = Release|x86
	EndGlobalSection
	GlobalSection(ProjectConfigurationPlatforms) = postSolution
		{EF0C5DF6-E216-43B8-91D3-C3B9682FCBEC}.Debug|Any CPU.ActiveCfg = Debug|Any CPU
		{EF0C5DF6-E216-43B8-91D3-C3B9682FCBEC}.Debug|Any CPU.Build.0 = Debug|Any CPU
		{EF0C5DF6-E216-43B8-91D3-C3B9682FCBEC}.Debug|Mixed Platforms.ActiveCfg = Debug|Any CPU
		{EF0C5DF6-E216-43B8-91D3-C3B9682FCBEC}.Debug|Mixed Platforms.Build.0 = Debug|Any CPU
		{EF0C5DF6-E216-43B8-91D3-C3B9682FCBEC}.Debug|x86.ActiveCfg = Debug|Any CPU
		{EF0C5DF6-E216-43B8-91D3-C3B9682FCBEC}.Release|Any CPU.ActiveCfg = Release|Any CPU
		{EF0C5DF6-E216-43B8-91D3-C3B9682FCBEC}.Release|Any CPU.Build.0 = Release|Any CPU
		{EF0C5DF6-E216-43B8-91D3-C3B9682FCBEC}.Release|Mixed Platforms.ActiveCfg = Release|Any CPU
		{EF0C5DF6-E216-43B8-91D3-C3B9682FCBEC}.Release|Mixed Platforms.Build.0 = Release|Any CPU
		{EF0C5DF6-E216-43B8-91D3-C3B9682FCBEC}.Release|x86.ActiveCfg = Release|Any CPU
		{A57FDAAC-64D2-4570-9C0E-329A42FFBA5B}.Debug|Any CPU.ActiveCfg = Debug|Any CPU
		{A57FDAAC-64D2-4570-9C0E-329A42FFBA5B}.Debug|Any CPU.Build.0 = Debug|Any CPU
		{A57FDAAC-64D2-4570-9C0E-329A42FFBA5B}.Debug|Mixed Platforms.ActiveCfg = Debug|Any CPU
		{A57FDAAC-64D2-4570-9C0E-329A42FFBA5B}.Debug|Mixed Platforms.Build.0 = Debug|Any CPU
		{A57FDAAC-64D2-4570-9C0E-329A42FFBA5B}.Debug|x86.ActiveCfg = Debug|Any CPU
		{A57FDAAC-64D2-4570-9C0E-329A42FFBA5B}.Release|Any CPU.ActiveCfg = Release|Any CPU
		{A57FDAAC-64D2-4570-9C0E-329A42FFBA5B}.Release|Any CPU.Build.0 = Release|Any CPU
		{A57FDAAC-64D2-4570-9C0E-329A42FFBA5B}.Release|Mixed Platforms.ActiveCfg = Release|Any CPU
		{A57FDAAC-64D2-4570-9C0E-329A42FFBA5B}.Release|Mixed Platforms.Build.0 = Release|Any CPU
		{A57FDAAC-64D2-4570-9C0E-329A42FFBA5B}.Release|x86.ActiveCfg = Release|Any CPU
		{88BDE762-03D4-4634-80EE-86D4C424164C}.Debug|Any CPU.ActiveCfg = Debug|x86
		{88BDE762-03D4-4634-80EE-86D4C424164C}.Debug|Mixed Platforms.ActiveCfg = Debug|x86
		{88BDE762-03D4-4634-80EE-86D4C424164C}.Debug|Mixed Platforms.Build.0 = Debug|x86
		{88BDE762-03D4-4634-80EE-86D4C424164C}.Debug|x86.ActiveCfg = Debug|x86
		{88BDE762-03D4-4634-80EE-86D4C424164C}.Debug|x86.Build.0 = Debug|x86
		{88BDE762-03D4-4634-80EE-86D4C424164C}.Release|Any CPU.ActiveCfg = Release|x86
		{88BDE762-03D4-4634-80EE-86D4C424164C}.Release|Mixed Platforms.ActiveCfg = Release|x86
		{88BDE762-03D4-4634-80EE-86D4C424164C}.Release|Mixed Platforms.Build.0 = Release|x86
		{88BDE762-03D4-4634-80EE-86D4C424164C}.Release|x86.ActiveCfg = Release|x86
		{88BDE762-03D4-4634-80EE-86D4C424164C}.Release|x86.Build.0 = Release|x86
	EndGlobalSection
	GlobalSection(SolutionProperties) = preSolution
		HideSolutionNode = FALSE
	EndGlobalSection
EndGlobal
